
Microsoft Visual Studio Solution File, Format Version 12.00
# Visual Studio 15
VisualStudioVersion = 15.0.28307.329
MinimumVisualStudioVersion = 10.0.40219.1
Project("{FAE04EC0-301F-11D3-BF4B-00C04F79EFBC}") = "Task33", "Task33\Task33.csproj", "{030D206D-EEA8-47E3-A749-B9656DB20DAE}"
EndProject
Global
	GlobalSection(SolutionConfigurationPlatforms) = preSolution
		Debug|Any CPU = Debug|Any CPU
		Release|Any CPU = Release|Any CPU
	EndGlobalSection
	GlobalSection(ProjectConfigurationPlatforms) = postSolution
		{030D206D-EEA8-47E3-A749-B9656DB20DAE}.Debug|Any CPU.ActiveCfg = Debug|Any CPU
		{030D206D-EEA8-47E3-A749-B9656DB20DAE}.Debug|Any CPU.Build.0 = Debug|Any CPU
		{030D206D-EEA8-47E3-A749-B9656DB20DAE}.Release|Any CPU.ActiveCfg = Release|Any CPU
		{030D206D-EEA8-47E3-A749-B9656DB20DAE}.Release|Any CPU.Build.0 = Release|Any CPU
	EndGlobalSection
	GlobalSection(SolutionProperties) = preSolution
		HideSolutionNode = FALSE
	EndGlobalSection
	GlobalSection(ExtensibilityGlobals) = postSolution
		SolutionGuid = {F28FC1F0-79B7-4FDB-B0C3-F8E07E6E572B}
	EndGlobalSection
EndGlobal
