
Microsoft Visual Studio Solution File, Format Version 12.00
# Visual Studio 15
VisualStudioVersion = 15.0.28307.329
MinimumVisualStudioVersion = 10.0.40219.1
Project("{FAE04EC0-301F-11D3-BF4B-00C04F79EFBC}") = "Task2", "Task2\Task2.csproj", "{A7499A46-848A-4041-8D97-FD50B551B49A}"
EndProject
Global
	GlobalSection(SolutionConfigurationPlatforms) = preSolution
		Debug|Any CPU = Debug|Any CPU
		Release|Any CPU = Release|Any CPU
	EndGlobalSection
	GlobalSection(ProjectConfigurationPlatforms) = postSolution
		{A7499A46-848A-4041-8D97-FD50B551B49A}.Debug|Any CPU.ActiveCfg = Debug|Any CPU
		{A7499A46-848A-4041-8D97-FD50B551B49A}.Debug|Any CPU.Build.0 = Debug|Any CPU
		{A7499A46-848A-4041-8D97-FD50B551B49A}.Release|Any CPU.ActiveCfg = Release|Any CPU
		{A7499A46-848A-4041-8D97-FD50B551B49A}.Release|Any CPU.Build.0 = Release|Any CPU
	EndGlobalSection
	GlobalSection(SolutionProperties) = preSolution
		HideSolutionNode = FALSE
	EndGlobalSection
	GlobalSection(ExtensibilityGlobals) = postSolution
		SolutionGuid = {A864C423-290D-42D1-B709-F560BD38106B}
	EndGlobalSection
EndGlobal
