
Microsoft Visual Studio Solution File, Format Version 12.00
# Visual Studio 15
VisualStudioVersion = 15.0.28307.329
MinimumVisualStudioVersion = 10.0.40219.1
Project("{FAE04EC0-301F-11D3-BF4B-00C04F79EFBC}") = "Task2", "Task2\Task2.csproj", "{BEF07B65-0ECD-4762-A405-4D8AA3E39F40}"
EndProject
Global
	GlobalSection(SolutionConfigurationPlatforms) = preSolution
		Debug|Any CPU = Debug|Any CPU
		Release|Any CPU = Release|Any CPU
	EndGlobalSection
	GlobalSection(ProjectConfigurationPlatforms) = postSolution
		{BEF07B65-0ECD-4762-A405-4D8AA3E39F40}.Debug|Any CPU.ActiveCfg = Debug|Any CPU
		{BEF07B65-0ECD-4762-A405-4D8AA3E39F40}.Debug|Any CPU.Build.0 = Debug|Any CPU
		{BEF07B65-0ECD-4762-A405-4D8AA3E39F40}.Release|Any CPU.ActiveCfg = Release|Any CPU
		{BEF07B65-0ECD-4762-A405-4D8AA3E39F40}.Release|Any CPU.Build.0 = Release|Any CPU
	EndGlobalSection
	GlobalSection(SolutionProperties) = preSolution
		HideSolutionNode = FALSE
	EndGlobalSection
	GlobalSection(ExtensibilityGlobals) = postSolution
		SolutionGuid = {94661712-25EA-426D-8932-FC7202897BFE}
	EndGlobalSection
EndGlobal
