
Microsoft Visual Studio Solution File, Format Version 12.00
# Visual Studio 15
VisualStudioVersion = 15.0.28307.329
MinimumVisualStudioVersion = 10.0.40219.1
Project("{FAE04EC0-301F-11D3-BF4B-00C04F79EFBC}") = "Task44", "Task44\Task44.csproj", "{EBBB5313-4330-498E-9590-D19989894131}"
EndProject
Global
	GlobalSection(SolutionConfigurationPlatforms) = preSolution
		Debug|Any CPU = Debug|Any CPU
		Release|Any CPU = Release|Any CPU
	EndGlobalSection
	GlobalSection(ProjectConfigurationPlatforms) = postSolution
		{EBBB5313-4330-498E-9590-D19989894131}.Debug|Any CPU.ActiveCfg = Debug|Any CPU
		{EBBB5313-4330-498E-9590-D19989894131}.Debug|Any CPU.Build.0 = Debug|Any CPU
		{EBBB5313-4330-498E-9590-D19989894131}.Release|Any CPU.ActiveCfg = Release|Any CPU
		{EBBB5313-4330-498E-9590-D19989894131}.Release|Any CPU.Build.0 = Release|Any CPU
	EndGlobalSection
	GlobalSection(SolutionProperties) = preSolution
		HideSolutionNode = FALSE
	EndGlobalSection
	GlobalSection(ExtensibilityGlobals) = postSolution
		SolutionGuid = {A3BB9997-FC8C-40D2-A5A5-F5F8BC3D62B4}
	EndGlobalSection
EndGlobal
